
Microsoft Visual Studio Solution File, Format Version 12.00
# Visual Studio Version 17
VisualStudioVersion = 17.9.34622.214
MinimumVisualStudioVersion = 10.0.40219.1
Project("{FAE04EC0-301F-11D3-BF4B-00C04F79EFBC}") = "Lesson4(2)", "Lesson4(2).csproj", "{A2627C35-C46D-45FA-A820-9FF6DE4C2B92}"
EndProject
Global
	GlobalSection(SolutionConfigurationPlatforms) = preSolution
		Debug|Any CPU = Debug|Any CPU
		Release|Any CPU = Release|Any CPU
	EndGlobalSection
	GlobalSection(ProjectConfigurationPlatforms) = postSolution
		{A2627C35-C46D-45FA-A820-9FF6DE4C2B92}.Debug|Any CPU.ActiveCfg = Debug|Any CPU
		{A2627C35-C46D-45FA-A820-9FF6DE4C2B92}.Debug|Any CPU.Build.0 = Debug|Any CPU
		{A2627C35-C46D-45FA-A820-9FF6DE4C2B92}.Release|Any CPU.ActiveCfg = Release|Any CPU
		{A2627C35-C46D-45FA-A820-9FF6DE4C2B92}.Release|Any CPU.Build.0 = Release|Any CPU
	EndGlobalSection
	GlobalSection(SolutionProperties) = preSolution
		HideSolutionNode = FALSE
	EndGlobalSection
	GlobalSection(ExtensibilityGlobals) = postSolution
		SolutionGuid = {1E11F568-908A-4E84-BA02-47F743CBB483}
	EndGlobalSection
EndGlobal
